
Microsoft Visual Studio Solution File, Format Version 12.00
# Visual Studio Version 17
VisualStudioVersion = 17.10.35027.167
MinimumVisualStudioVersion = 10.0.40219.1
Project("{8BC9CEB8-8B4A-11D0-8D11-00A0C91BC942}") = "ISpy Decomp", "ISpy Decomp\ISpy Decomp.vcxproj", "{D3A350FA-EEB7-4AC5-8B17-C27B5BD1200F}"
EndProject
Global
	GlobalSection(SolutionConfigurationPlatforms) = preSolution
		Debug|x64 = Debug|x64
		Debug|x86 = Debug|x86
		Release|x64 = Release|x64
		Release|x86 = Release|x86
	EndGlobalSection
	GlobalSection(ProjectConfigurationPlatforms) = postSolution
		{D3A350FA-EEB7-4AC5-8B17-C27B5BD1200F}.Debug|x64.ActiveCfg = Debug|x64
		{D3A350FA-EEB7-4AC5-8B17-C27B5BD1200F}.Debug|x64.Build.0 = Debug|x64
		{D3A350FA-EEB7-4AC5-8B17-C27B5BD1200F}.Debug|x86.ActiveCfg = Debug|Win32
		{D3A350FA-EEB7-4AC5-8B17-C27B5BD1200F}.Debug|x86.Build.0 = Debug|Win32
		{D3A350FA-EEB7-4AC5-8B17-C27B5BD1200F}.Release|x64.ActiveCfg = Release|x64
		{D3A350FA-EEB7-4AC5-8B17-C27B5BD1200F}.Release|x64.Build.0 = Release|x64
		{D3A350FA-EEB7-4AC5-8B17-C27B5BD1200F}.Release|x86.ActiveCfg = Release|Win32
		{D3A350FA-EEB7-4AC5-8B17-C27B5BD1200F}.Release|x86.Build.0 = Release|Win32
	EndGlobalSection
	GlobalSection(SolutionProperties) = preSolution
		HideSolutionNode = FALSE
	EndGlobalSection
	GlobalSection(ExtensibilityGlobals) = postSolution
		SolutionGuid = {37D81283-1A43-465D-94E0-FAA3D1ECC600}
	EndGlobalSection
EndGlobal
